
Microsoft Visual Studio Solution File, Format Version 12.00
# Visual Studio Version 17
VisualStudioVersion = 17.13.35931.197 d17.13
MinimumVisualStudioVersion = 10.0.40219.1
Project("{FAE04EC0-301F-11D3-BF4B-00C04F79EFBC}") = "PeselBmiWpf", "PeselBmiWpf\PeselBmiWpf.csproj", "{AC5FBAD0-3C54-4015-8E6B-D6DE8E127066}"
EndProject
Global
	GlobalSection(SolutionConfigurationPlatforms) = preSolution
		Debug|Any CPU = Debug|Any CPU
		Release|Any CPU = Release|Any CPU
	EndGlobalSection
	GlobalSection(ProjectConfigurationPlatforms) = postSolution
		{AC5FBAD0-3C54-4015-8E6B-D6DE8E127066}.Debug|Any CPU.ActiveCfg = Debug|Any CPU
		{AC5FBAD0-3C54-4015-8E6B-D6DE8E127066}.Debug|Any CPU.Build.0 = Debug|Any CPU
		{AC5FBAD0-3C54-4015-8E6B-D6DE8E127066}.Release|Any CPU.ActiveCfg = Release|Any CPU
		{AC5FBAD0-3C54-4015-8E6B-D6DE8E127066}.Release|Any CPU.Build.0 = Release|Any CPU
	EndGlobalSection
	GlobalSection(SolutionProperties) = preSolution
		HideSolutionNode = FALSE
	EndGlobalSection
	GlobalSection(ExtensibilityGlobals) = postSolution
		SolutionGuid = {78E0CEDB-1F9F-4339-9B63-31055B842F9C}
	EndGlobalSection
EndGlobal
